// !$*UTF8*$!
{
	archiveVersion = 1;
	classes = {
	};
	objectVersion = 55;
	objects = {

/* Begin PBXBuildFile section */
		3105BC5927FED691004F65CE /* CircleImageView.swift in Sources */ = {isa = PBXBuildFile; fileRef = 3105BC5827FED691004F65CE /* CircleImageView.swift */; };
		3105BC5A27FED691004F65CE /* CircleImageView.swift in Sources */ = {isa = PBXBuildFile; fileRef = 3105BC5827FED691004F65CE /* CircleImageView.swift */; };
		3105BC5C27FEF190004F65CE /* MapView.swift in Sources */ = {isa = PBXBuildFile; fileRef = 3105BC5B27FEF190004F65CE /* MapView.swift */; };
		3105BC5D27FEF190004F65CE /* MapView.swift in Sources */ = {isa = PBXBuildFile; fileRef = 3105BC5B27FEF190004F65CE /* MapView.swift */; };
		3174837B27FDA921002D8EA7 /* Tests_iOS.swift in Sources */ = {isa = PBXBuildFile; fileRef = 3174837A27FDA921002D8EA7 /* Tests_iOS.swift */; };
		3174837D27FDA921002D8EA7 /* Tests_iOSLaunchTests.swift in Sources */ = {isa = PBXBuildFile; fileRef = 3174837C27FDA921002D8EA7 /* Tests_iOSLaunchTests.swift */; };
		3174838727FDA921002D8EA7 /* Tests_macOS.swift in Sources */ = {isa = PBXBuildFile; fileRef = 3174838627FDA921002D8EA7 /* Tests_macOS.swift */; };
		3174838927FDA921002D8EA7 /* Tests_macOSLaunchTests.swift in Sources */ = {isa = PBXBuildFile; fileRef = 3174838827FDA921002D8EA7 /* Tests_macOSLaunchTests.swift */; };
		3174838A27FDA921002D8EA7 /* SwiftUI100daysApp.swift in Sources */ = {isa = PBXBuildFile; fileRef = 3174836227FDA91F002D8EA7 /* SwiftUI100daysApp.swift */; };
		3174838B27FDA921002D8EA7 /* SwiftUI100daysApp.swift in Sources */ = {isa = PBXBuildFile; fileRef = 3174836227FDA91F002D8EA7 /* SwiftUI100daysApp.swift */; };
		3174838C27FDA921002D8EA7 /* ContentView.swift in Sources */ = {isa = PBXBuildFile; fileRef = 3174836327FDA91F002D8EA7 /* ContentView.swift */; };
		3174838D27FDA921002D8EA7 /* ContentView.swift in Sources */ = {isa = PBXBuildFile; fileRef = 3174836327FDA91F002D8EA7 /* ContentView.swift */; };
		3174838E27FDA921002D8EA7 /* Assets.xcassets in Resources */ = {isa = PBXBuildFile; fileRef = 3174836427FDA921002D8EA7 /* Assets.xcassets */; };
		3174838F27FDA921002D8EA7 /* Assets.xcassets in Resources */ = {isa = PBXBuildFile; fileRef = 3174836427FDA921002D8EA7 /* Assets.xcassets */; };
		31BA427C280037470009DDD3 /* landmarkData.json in Resources */ = {isa = PBXBuildFile; fileRef = 31BA427B280037470009DDD3 /* landmarkData.json */; };
		31BA427F2800388E0009DDD3 /* Landmark.swift in Sources */ = {isa = PBXBuildFile; fileRef = 31BA427E2800388E0009DDD3 /* Landmark.swift */; };
		31E46B272805960C00EC93B1 /* LandmarkVM.swift in Sources */ = {isa = PBXBuildFile; fileRef = 31E46B262805960C00EC93B1 /* LandmarkVM.swift */; };
		31E46B282805960C00EC93B1 /* LandmarkVM.swift in Sources */ = {isa = PBXBuildFile; fileRef = 31E46B262805960C00EC93B1 /* LandmarkVM.swift */; };
		31F923F4283B11FF0060508A /* FavoriteButton.swift in Sources */ = {isa = PBXBuildFile; fileRef = 31F923F3283B11FF0060508A /* FavoriteButton.swift */; };
		31F923F5283B11FF0060508A /* FavoriteButton.swift in Sources */ = {isa = PBXBuildFile; fileRef = 31F923F3283B11FF0060508A /* FavoriteButton.swift */; };
		3B05551E2802AAB2009CE343 /* LandmarkService.swift in Sources */ = {isa = PBXBuildFile; fileRef = 3B05551D2802AAB2009CE343 /* LandmarkService.swift */; };
		3B05551F2802AAB2009CE343 /* LandmarkService.swift in Sources */ = {isa = PBXBuildFile; fileRef = 3B05551D2802AAB2009CE343 /* LandmarkService.swift */; };
		3B05552B2802AB4B009CE343 /* LandmarkRepository.swift in Sources */ = {isa = PBXBuildFile; fileRef = 3B0555282802AB4B009CE343 /* LandmarkRepository.swift */; };
		3B05552C2802AB4B009CE343 /* LandmarkRepository.swift in Sources */ = {isa = PBXBuildFile; fileRef = 3B0555282802AB4B009CE343 /* LandmarkRepository.swift */; };
		3B05552D2802AB4B009CE343 /* LandmarkRepositoryImpl.swift in Sources */ = {isa = PBXBuildFile; fileRef = 3B05552A2802AB4B009CE343 /* LandmarkRepositoryImpl.swift */; };
		3B05552E2802AB4B009CE343 /* LandmarkRepositoryImpl.swift in Sources */ = {isa = PBXBuildFile; fileRef = 3B05552A2802AB4B009CE343 /* LandmarkRepositoryImpl.swift */; };
		3B0555302802AB5F009CE343 /* LandmarkServiceImpl.swift in Sources */ = {isa = PBXBuildFile; fileRef = 3B05552F2802AB5F009CE343 /* LandmarkServiceImpl.swift */; };
		3B0555312802AB5F009CE343 /* LandmarkServiceImpl.swift in Sources */ = {isa = PBXBuildFile; fileRef = 3B05552F2802AB5F009CE343 /* LandmarkServiceImpl.swift */; };
		3B0555322802AE85009CE343 /* Landmark.swift in Sources */ = {isa = PBXBuildFile; fileRef = 31BA427E2800388E0009DDD3 /* Landmark.swift */; };
		3B4FF05B2802DF380055EA84 /* LandmarkRow.swift in Sources */ = {isa = PBXBuildFile; fileRef = 3B4FF05A2802DF380055EA84 /* LandmarkRow.swift */; };
		3B4FF05C2802DF380055EA84 /* LandmarkRow.swift in Sources */ = {isa = PBXBuildFile; fileRef = 3B4FF05A2802DF380055EA84 /* LandmarkRow.swift */; };
		3B4FF05E2802EC9E0055EA84 /* LandmarkList.swift in Sources */ = {isa = PBXBuildFile; fileRef = 3B4FF05D2802EC9E0055EA84 /* LandmarkList.swift */; };
		3B4FF05F2802EC9E0055EA84 /* LandmarkList.swift in Sources */ = {isa = PBXBuildFile; fileRef = 3B4FF05D2802EC9E0055EA84 /* LandmarkList.swift */; };
		3B4FF0612802EE550055EA84 /* LandmarkDetail.swift in Sources */ = {isa = PBXBuildFile; fileRef = 3B4FF0602802EE550055EA84 /* LandmarkDetail.swift */; };
		3B4FF0622802EE550055EA84 /* LandmarkDetail.swift in Sources */ = {isa = PBXBuildFile; fileRef = 3B4FF0602802EE550055EA84 /* LandmarkDetail.swift */; };
/* End PBXBuildFile section */

/* Begin PBXContainerItemProxy section */
		3174837727FDA921002D8EA7 /* PBXContainerItemProxy */ = {
			isa = PBXContainerItemProxy;
			containerPortal = 3174835D27FDA91F002D8EA7 /* Project object */;
			proxyType = 1;
			remoteGlobalIDString = 3174836827FDA921002D8EA7;
			remoteInfo = "SwiftUI100days (iOS)";
		};
		3174838327FDA921002D8EA7 /* PBXContainerItemProxy */ = {
			isa = PBXContainerItemProxy;
			containerPortal = 3174835D27FDA91F002D8EA7 /* Project object */;
			proxyType = 1;
			remoteGlobalIDString = 3174836E27FDA921002D8EA7;
			remoteInfo = "SwiftUI100days (macOS)";
		};
/* End PBXContainerItemProxy section */

/* Begin PBXFileReference section */
		3105BC5827FED691004F65CE /* CircleImageView.swift */ = {isa = PBXFileReference; lastKnownFileType = sourcecode.swift; path = CircleImageView.swift; sourceTree = "<group>"; };
		3105BC5B27FEF190004F65CE /* MapView.swift */ = {isa = PBXFileReference; lastKnownFileType = sourcecode.swift; path = MapView.swift; sourceTree = "<group>"; };
		3174836227FDA91F002D8EA7 /* SwiftUI100daysApp.swift */ = {isa = PBXFileReference; lastKnownFileType = sourcecode.swift; path = SwiftUI100daysApp.swift; sourceTree = "<group>"; };
		3174836327FDA91F002D8EA7 /* ContentView.swift */ = {isa = PBXFileReference; lastKnownFileType = sourcecode.swift; path = ContentView.swift; sourceTree = "<group>"; };
		3174836427FDA921002D8EA7 /* Assets.xcassets */ = {isa = PBXFileReference; lastKnownFileType = folder.assetcatalog; path = Assets.xcassets; sourceTree = "<group>"; };
		3174836927FDA921002D8EA7 /* SwiftUI100days.app */ = {isa = PBXFileReference; explicitFileType = wrapper.application; includeInIndex = 0; path = SwiftUI100days.app; sourceTree = BUILT_PRODUCTS_DIR; };
		3174836F27FDA921002D8EA7 /* SwiftUI100days.app */ = {isa = PBXFileReference; explicitFileType = wrapper.application; includeInIndex = 0; path = SwiftUI100days.app; sourceTree = BUILT_PRODUCTS_DIR; };
		3174837127FDA921002D8EA7 /* macOS.entitlements */ = {isa = PBXFileReference; lastKnownFileType = text.plist.entitlements; path = macOS.entitlements; sourceTree = "<group>"; };
		3174837627FDA921002D8EA7 /* Tests iOS.xctest */ = {isa = PBXFileReference; explicitFileType = wrapper.cfbundle; includeInIndex = 0; path = "Tests iOS.xctest"; sourceTree = BUILT_PRODUCTS_DIR; };
		3174837A27FDA921002D8EA7 /* Tests_iOS.swift */ = {isa = PBXFileReference; lastKnownFileType = sourcecode.swift; path = Tests_iOS.swift; sourceTree = "<group>"; };
		3174837C27FDA921002D8EA7 /* Tests_iOSLaunchTests.swift */ = {isa = PBXFileReference; lastKnownFileType = sourcecode.swift; path = Tests_iOSLaunchTests.swift; sourceTree = "<group>"; };
		3174838227FDA921002D8EA7 /* Tests macOS.xctest */ = {isa = PBXFileReference; explicitFileType = wrapper.cfbundle; includeInIndex = 0; path = "Tests macOS.xctest"; sourceTree = BUILT_PRODUCTS_DIR; };
		3174838627FDA921002D8EA7 /* Tests_macOS.swift */ = {isa = PBXFileReference; lastKnownFileType = sourcecode.swift; path = Tests_macOS.swift; sourceTree = "<group>"; };
		3174838827FDA921002D8EA7 /* Tests_macOSLaunchTests.swift */ = {isa = PBXFileReference; lastKnownFileType = sourcecode.swift; path = Tests_macOSLaunchTests.swift; sourceTree = "<group>"; };
		31BA427B280037470009DDD3 /* landmarkData.json */ = {isa = PBXFileReference; fileEncoding = 4; lastKnownFileType = text.json; path = landmarkData.json; sourceTree = "<group>"; };
		31BA427E2800388E0009DDD3 /* Landmark.swift */ = {isa = PBXFileReference; lastKnownFileType = sourcecode.swift; path = Landmark.swift; sourceTree = "<group>"; };
		31E46B262805960C00EC93B1 /* LandmarkVM.swift */ = {isa = PBXFileReference; lastKnownFileType = sourcecode.swift; path = LandmarkVM.swift; sourceTree = "<group>"; };
		31F923F3283B11FF0060508A /* FavoriteButton.swift */ = {isa = PBXFileReference; lastKnownFileType = sourcecode.swift; path = FavoriteButton.swift; sourceTree = "<group>"; };
		3B05551D2802AAB2009CE343 /* LandmarkService.swift */ = {isa = PBXFileReference; lastKnownFileType = sourcecode.swift; path = LandmarkService.swift; sourceTree = "<group>"; };
		3B0555282802AB4B009CE343 /* LandmarkRepository.swift */ = {isa = PBXFileReference; fileEncoding = 4; lastKnownFileType = sourcecode.swift; path = LandmarkRepository.swift; sourceTree = "<group>"; };
		3B05552A2802AB4B009CE343 /* LandmarkRepositoryImpl.swift */ = {isa = PBXFileReference; fileEncoding = 4; lastKnownFileType = sourcecode.swift; path = LandmarkRepositoryImpl.swift; sourceTree = "<group>"; };
		3B05552F2802AB5F009CE343 /* LandmarkServiceImpl.swift */ = {isa = PBXFileReference; lastKnownFileType = sourcecode.swift; path = LandmarkServiceImpl.swift; sourceTree = "<group>"; };
		3B4FF05A2802DF380055EA84 /* LandmarkRow.swift */ = {isa = PBXFileReference; lastKnownFileType = sourcecode.swift; path = LandmarkRow.swift; sourceTree = "<group>"; };
		3B4FF05D2802EC9E0055EA84 /* LandmarkList.swift */ = {isa = PBXFileReference; lastKnownFileType = sourcecode.swift; path = LandmarkList.swift; sourceTree = "<group>"; };
		3B4FF0602802EE550055EA84 /* LandmarkDetail.swift */ = {isa = PBXFileReference; lastKnownFileType = sourcecode.swift; path = LandmarkDetail.swift; sourceTree = "<group>"; };
/* End PBXFileReference section */

/* Begin PBXFrameworksBuildPhase section */
		3174836627FDA921002D8EA7 /* Frameworks */ = {
			isa = PBXFrameworksBuildPhase;
			buildActionMask = 2147483647;
			files = (
			);
			runOnlyForDeploymentPostprocessing = 0;
		};
		3174836C27FDA921002D8EA7 /* Frameworks */ = {
			isa = PBXFrameworksBuildPhase;
			buildActionMask = 2147483647;
			files = (
			);
			runOnlyForDeploymentPostprocessing = 0;
		};
		3174837327FDA921002D8EA7 /* Frameworks */ = {
			isa = PBXFrameworksBuildPhase;
			buildActionMask = 2147483647;
			files = (
			);
			runOnlyForDeploymentPostprocessing = 0;
		};
		3174837F27FDA921002D8EA7 /* Frameworks */ = {
			isa = PBXFrameworksBuildPhase;
			buildActionMask = 2147483647;
			files = (
			);
			runOnlyForDeploymentPostprocessing = 0;
		};
/* End PBXFrameworksBuildPhase section */

/* Begin PBXGroup section */
		3174835C27FDA91F002D8EA7 = {
			isa = PBXGroup;
			children = (
				3174836127FDA91F002D8EA7 /* Shared */,
				3174837027FDA921002D8EA7 /* macOS */,
				3174837927FDA921002D8EA7 /* Tests iOS */,
				3174838527FDA921002D8EA7 /* Tests macOS */,
				3174836A27FDA921002D8EA7 /* Products */,
			);
			sourceTree = "<group>";
		};
		3174836127FDA91F002D8EA7 /* Shared */ = {
			isa = PBXGroup;
			children = (
				3B4FF0582802DEF60055EA84 /* View */,
				3B05551B2802AA99009CE343 /* Services */,
				31BA428028003BF20009DDD3 /* Repositories */,
				31BA427D2800387B0009DDD3 /* Models */,
				31BA4277280036F20009DDD3 /* Resources */,
				3174836227FDA91F002D8EA7 /* SwiftUI100daysApp.swift */,
			);
			path = Shared;
			sourceTree = "<group>";
		};
		3174836A27FDA921002D8EA7 /* Products */ = {
			isa = PBXGroup;
			children = (
				3174836927FDA921002D8EA7 /* SwiftUI100days.app */,
				3174836F27FDA921002D8EA7 /* SwiftUI100days.app */,
				3174837627FDA921002D8EA7 /* Tests iOS.xctest */,
				3174838227FDA921002D8EA7 /* Tests macOS.xctest */,
			);
			name = Products;
			sourceTree = "<group>";
		};
		3174837027FDA921002D8EA7 /* macOS */ = {
			isa = PBXGroup;
			children = (
				3174837127FDA921002D8EA7 /* macOS.entitlements */,
			);
			path = macOS;
			sourceTree = "<group>";
		};
		3174837927FDA921002D8EA7 /* Tests iOS */ = {
			isa = PBXGroup;
			children = (
				3174837A27FDA921002D8EA7 /* Tests_iOS.swift */,
				3174837C27FDA921002D8EA7 /* Tests_iOSLaunchTests.swift */,
			);
			path = "Tests iOS";
			sourceTree = "<group>";
		};
		3174838527FDA921002D8EA7 /* Tests macOS */ = {
			isa = PBXGroup;
			children = (
				3174838627FDA921002D8EA7 /* Tests_macOS.swift */,
				3174838827FDA921002D8EA7 /* Tests_macOSLaunchTests.swift */,
			);
			path = "Tests macOS";
			sourceTree = "<group>";
		};
		31BA4277280036F20009DDD3 /* Resources */ = {
			isa = PBXGroup;
			children = (
				31BA4278280037080009DDD3 /* MockData */,
				3174836427FDA921002D8EA7 /* Assets.xcassets */,
			);
			path = Resources;
			sourceTree = "<group>";
		};
		31BA4278280037080009DDD3 /* MockData */ = {
			isa = PBXGroup;
			children = (
				31BA427B280037470009DDD3 /* landmarkData.json */,
			);
			path = MockData;
			sourceTree = "<group>";
		};
		31BA427D2800387B0009DDD3 /* Models */ = {
			isa = PBXGroup;
			children = (
				31BA427E2800388E0009DDD3 /* Landmark.swift */,
			);
			path = Models;
			sourceTree = "<group>";
		};
		31BA428028003BF20009DDD3 /* Repositories */ = {
			isa = PBXGroup;
			children = (
				3B0555292802AB4B009CE343 /* Impl */,
				3B0555272802AB4B009CE343 /* Interface */,
			);
			path = Repositories;
			sourceTree = "<group>";
		};
		31E46B222805955100EC93B1 /* ViewModels */ = {
			isa = PBXGroup;
			children = (
				31E46B262805960C00EC93B1 /* LandmarkVM.swift */,
			);
			path = ViewModels;
			sourceTree = "<group>";
		};
		3B05551B2802AA99009CE343 /* Services */ = {
			isa = PBXGroup;
			children = (
				3B0555222802AAEA009CE343 /* Impl */,
				3B0555202802AAC8009CE343 /* Interface */,
			);
			path = Services;
			sourceTree = "<group>";
		};
		3B0555202802AAC8009CE343 /* Interface */ = {
			isa = PBXGroup;
			children = (
				3B05551D2802AAB2009CE343 /* LandmarkService.swift */,
			);
			path = Interface;
			sourceTree = "<group>";
		};
		3B0555222802AAEA009CE343 /* Impl */ = {
			isa = PBXGroup;
			children = (
				3B05552F2802AB5F009CE343 /* LandmarkServiceImpl.swift */,
			);
			path = Impl;
			sourceTree = "<group>";
		};
		3B0555272802AB4B009CE343 /* Interface */ = {
			isa = PBXGroup;
			children = (
				3B0555282802AB4B009CE343 /* LandmarkRepository.swift */,
			);
			path = Interface;
			sourceTree = "<group>";
		};
		3B0555292802AB4B009CE343 /* Impl */ = {
			isa = PBXGroup;
			children = (
				3B05552A2802AB4B009CE343 /* LandmarkRepositoryImpl.swift */,
			);
			path = Impl;
			sourceTree = "<group>";
		};
		3B4FF0582802DEF60055EA84 /* View */ = {
			isa = PBXGroup;
			children = (
				31E46B222805955100EC93B1 /* ViewModels */,
				3B4FF0592802DF050055EA84 /* ComponentView */,
				3174836327FDA91F002D8EA7 /* ContentView.swift */,
			);
			path = View;
			sourceTree = "<group>";
		};
		3B4FF0592802DF050055EA84 /* ComponentView */ = {
			isa = PBXGroup;
			children = (
				3105BC5827FED691004F65CE /* CircleImageView.swift */,
				3105BC5B27FEF190004F65CE /* MapView.swift */,
				3B4FF05A2802DF380055EA84 /* LandmarkRow.swift */,
				3B4FF05D2802EC9E0055EA84 /* LandmarkList.swift */,
				3B4FF0602802EE550055EA84 /* LandmarkDetail.swift */,
				31F923F3283B11FF0060508A /* FavoriteButton.swift */,
			);
			path = ComponentView;
			sourceTree = "<group>";
		};
/* End PBXGroup section */

/* Begin PBXNativeTarget section */
		3174836827FDA921002D8EA7 /* SwiftUI100days (iOS) */ = {
			isa = PBXNativeTarget;
			buildConfigurationList = 3174839227FDA921002D8EA7 /* Build configuration list for PBXNativeTarget "SwiftUI100days (iOS)" */;
			buildPhases = (
				3174836527FDA921002D8EA7 /* Sources */,
				3174836627FDA921002D8EA7 /* Frameworks */,
				3174836727FDA921002D8EA7 /* Resources */,
			);
			buildRules = (
			);
			dependencies = (
			);
			name = "SwiftUI100days (iOS)";
			productName = "SwiftUI100days (iOS)";
			productReference = 3174836927FDA921002D8EA7 /* SwiftUI100days.app */;
			productType = "com.apple.product-type.application";
		};
		3174836E27FDA921002D8EA7 /* SwiftUI100days (macOS) */ = {
			isa = PBXNativeTarget;
			buildConfigurationList = 3174839527FDA921002D8EA7 /* Build configuration list for PBXNativeTarget "SwiftUI100days (macOS)" */;
			buildPhases = (
				3174836B27FDA921002D8EA7 /* Sources */,
				3174836C27FDA921002D8EA7 /* Frameworks */,
				3174836D27FDA921002D8EA7 /* Resources */,
			);
			buildRules = (
			);
			dependencies = (
			);
			name = "SwiftUI100days (macOS)";
			productName = "SwiftUI100days (macOS)";
			productReference = 3174836F27FDA921002D8EA7 /* SwiftUI100days.app */;
			productType = "com.apple.product-type.application";
		};
		3174837527FDA921002D8EA7 /* Tests iOS */ = {
			isa = PBXNativeTarget;
			buildConfigurationList = 3174839827FDA921002D8EA7 /* Build configuration list for PBXNativeTarget "Tests iOS" */;
			buildPhases = (
				3174837227FDA921002D8EA7 /* Sources */,
				3174837327FDA921002D8EA7 /* Frameworks */,
				3174837427FDA921002D8EA7 /* Resources */,
			);
			buildRules = (
			);
			dependencies = (
				3174837827FDA921002D8EA7 /* PBXTargetDependency */,
			);
			name = "Tests iOS";
			productName = "Tests iOS";
			productReference = 3174837627FDA921002D8EA7 /* Tests iOS.xctest */;
			productType = "com.apple.product-type.bundle.ui-testing";
		};
		3174838127FDA921002D8EA7 /* Tests macOS */ = {
			isa = PBXNativeTarget;
			buildConfigurationList = 3174839B27FDA921002D8EA7 /* Build configuration list for PBXNativeTarget "Tests macOS" */;
			buildPhases = (
				3174837E27FDA921002D8EA7 /* Sources */,
				3174837F27FDA921002D8EA7 /* Frameworks */,
				3174838027FDA921002D8EA7 /* Resources */,
			);
			buildRules = (
			);
			dependencies = (
				3174838427FDA921002D8EA7 /* PBXTargetDependency */,
			);
			name = "Tests macOS";
			productName = "Tests macOS";
			productReference = 3174838227FDA921002D8EA7 /* Tests macOS.xctest */;
			productType = "com.apple.product-type.bundle.ui-testing";
		};
/* End PBXNativeTarget section */

/* Begin PBXProject section */
		3174835D27FDA91F002D8EA7 /* Project object */ = {
			isa = PBXProject;
			attributes = {
				BuildIndependentTargetsInParallel = 1;
				LastSwiftUpdateCheck = 1330;
				LastUpgradeCheck = 1330;
				TargetAttributes = {
					3174836827FDA921002D8EA7 = {
						CreatedOnToolsVersion = 13.3;
					};
					3174836E27FDA921002D8EA7 = {
						CreatedOnToolsVersion = 13.3;
					};
					3174837527FDA921002D8EA7 = {
						CreatedOnToolsVersion = 13.3;
						TestTargetID = 3174836827FDA921002D8EA7;
					};
					3174838127FDA921002D8EA7 = {
						CreatedOnToolsVersion = 13.3;
						TestTargetID = 3174836E27FDA921002D8EA7;
					};
				};
			};
			buildConfigurationList = 3174836027FDA91F002D8EA7 /* Build configuration list for PBXProject "SwiftUI100days" */;
			compatibilityVersion = "Xcode 13.0";
			developmentRegion = en;
			hasScannedForEncodings = 0;
			knownRegions = (
				en,
				Base,
			);
			mainGroup = 3174835C27FDA91F002D8EA7;
			productRefGroup = 3174836A27FDA921002D8EA7 /* Products */;
			projectDirPath = "";
			projectRoot = "";
			targets = (
				3174836827FDA921002D8EA7 /* SwiftUI100days (iOS) */,
				3174836E27FDA921002D8EA7 /* SwiftUI100days (macOS) */,
				3174837527FDA921002D8EA7 /* Tests iOS */,
				3174838127FDA921002D8EA7 /* Tests macOS */,
			);
		};
/* End PBXProject section */

/* Begin PBXResourcesBuildPhase section */
		3174836727FDA921002D8EA7 /* Resources */ = {
			isa = PBXResourcesBuildPhase;
			buildActionMask = 2147483647;
			files = (
				3174838E27FDA921002D8EA7 /* Assets.xcassets in Resources */,
				31BA427C280037470009DDD3 /* landmarkData.json in Resources */,
			);
			runOnlyForDeploymentPostprocessing = 0;
		};
		3174836D27FDA921002D8EA7 /* Resources */ = {
			isa = PBXResourcesBuildPhase;
			buildActionMask = 2147483647;
			files = (
				3174838F27FDA921002D8EA7 /* Assets.xcassets in Resources */,
			);
			runOnlyForDeploymentPostprocessing = 0;
		};
		3174837427FDA921002D8EA7 /* Resources */ = {
			isa = PBXResourcesBuildPhase;
			buildActionMask = 2147483647;
			files = (
			);
			runOnlyForDeploymentPostprocessing = 0;
		};
		3174838027FDA921002D8EA7 /* Resources */ = {
			isa = PBXResourcesBuildPhase;
			buildActionMask = 2147483647;
			files = (
			);
			runOnlyForDeploymentPostprocessing = 0;
		};
/* End PBXResourcesBuildPhase section */

/* Begin PBXSourcesBuildPhase section */
		3174836527FDA921002D8EA7 /* Sources */ = {
			isa = PBXSourcesBuildPhase;
			buildActionMask = 2147483647;
			files = (
				3B05552B2802AB4B009CE343 /* LandmarkRepository.swift in Sources */,
				3B4FF05E2802EC9E0055EA84 /* LandmarkList.swift in Sources */,
				3174838C27FDA921002D8EA7 /* ContentView.swift in Sources */,
				3B05551E2802AAB2009CE343 /* LandmarkService.swift in Sources */,
				3B4FF0612802EE550055EA84 /* LandmarkDetail.swift in Sources */,
				3B05552D2802AB4B009CE343 /* LandmarkRepositoryImpl.swift in Sources */,
				31E46B272805960C00EC93B1 /* LandmarkVM.swift in Sources */,
				3105BC5C27FEF190004F65CE /* MapView.swift in Sources */,
				3105BC5927FED691004F65CE /* CircleImageView.swift in Sources */,
				3B0555302802AB5F009CE343 /* LandmarkServiceImpl.swift in Sources */,
				3174838A27FDA921002D8EA7 /* SwiftUI100daysApp.swift in Sources */,
				31F923F4283B11FF0060508A /* FavoriteButton.swift in Sources */,
				3B4FF05B2802DF380055EA84 /* LandmarkRow.swift in Sources */,
				31BA427F2800388E0009DDD3 /* Landmark.swift in Sources */,
			);
			runOnlyForDeploymentPostprocessing = 0;
		};
		3174836B27FDA921002D8EA7 /* Sources */ = {
			isa = PBXSourcesBuildPhase;
			buildActionMask = 2147483647;
			files = (
				3174838D27FDA921002D8EA7 /* ContentView.swift in Sources */,
				3B4FF05F2802EC9E0055EA84 /* LandmarkList.swift in Sources */,
				3B0555312802AB5F009CE343 /* LandmarkServiceImpl.swift in Sources */,
				3105BC5D27FEF190004F65CE /* MapView.swift in Sources */,
				3B4FF0622802EE550055EA84 /* LandmarkDetail.swift in Sources */,
				3105BC5A27FED691004F65CE /* CircleImageView.swift in Sources */,
				31E46B282805960C00EC93B1 /* LandmarkVM.swift in Sources */,
				3B05552E2802AB4B009CE343 /* LandmarkRepositoryImpl.swift in Sources */,
				3B0555322802AE85009CE343 /* Landmark.swift in Sources */,
				3B05552C2802AB4B009CE343 /* LandmarkRepository.swift in Sources */,
				3B05551F2802AAB2009CE343 /* LandmarkService.swift in Sources */,
				31F923F5283B11FF0060508A /* FavoriteButton.swift in Sources */,
				3B4FF05C2802DF380055EA84 /* LandmarkRow.swift in Sources */,
				3174838B27FDA921002D8EA7 /* SwiftUI100daysApp.swift in Sources */,
			);
			runOnlyForDeploymentPostprocessing = 0;
		};
		3174837227FDA921002D8EA7 /* Sources */ = {
			isa = PBXSourcesBuildPhase;
			buildActionMask = 2147483647;
			files = (
				3174837D27FDA921002D8EA7 /* Tests_iOSLaunchTests.swift in Sources */,
				3174837B27FDA921002D8EA7 /* Tests_iOS.swift in Sources */,
			);
			runOnlyForDeploymentPostprocessing = 0;
		};
		3174837E27FDA921002D8EA7 /* Sources */ = {
			isa = PBXSourcesBuildPhase;
			buildActionMask = 2147483647;
			files = (
				3174838927FDA921002D8EA7 /* Tests_macOSLaunchTests.swift in Sources */,
				3174838727FDA921002D8EA7 /* Tests_macOS.swift in Sources */,
			);
			runOnlyForDeploymentPostprocessing = 0;
		};
/* End PBXSourcesBuildPhase section */

/* Begin PBXTargetDependency section */
		3174837827FDA921002D8EA7 /* PBXTargetDependency */ = {
			isa = PBXTargetDependency;
			target = 3174836827FDA921002D8EA7 /* SwiftUI100days (iOS) */;
			targetProxy = 3174837727FDA921002D8EA7 /* PBXContainerItemProxy */;
		};
		3174838427FDA921002D8EA7 /* PBXTargetDependency */ = {
			isa = PBXTargetDependency;
			target = 3174836E27FDA921002D8EA7 /* SwiftUI100days (macOS) */;
			targetProxy = 3174838327FDA921002D8EA7 /* PBXContainerItemProxy */;
		};
/* End PBXTargetDependency section */

/* Begin XCBuildConfiguration section */
		3174839027FDA921002D8EA7 /* Debug */ = {
			isa = XCBuildConfiguration;
			buildSettings = {
				ALWAYS_SEARCH_USER_PATHS = NO;
				CLANG_ANALYZER_NONNULL = YES;
				CLANG_ANALYZER_NUMBER_OBJECT_CONVERSION = YES_AGGRESSIVE;
				CLANG_CXX_LANGUAGE_STANDARD = "gnu++17";
				CLANG_ENABLE_MODULES = YES;
				CLANG_ENABLE_OBJC_ARC = YES;
				CLANG_ENABLE_OBJC_WEAK = YES;
				CLANG_WARN_BLOCK_CAPTURE_AUTORELEASING = YES;
				CLANG_WARN_BOOL_CONVERSION = YES;
				CLANG_WARN_COMMA = YES;
				CLANG_WARN_CONSTANT_CONVERSION = YES;
				CLANG_WARN_DEPRECATED_OBJC_IMPLEMENTATIONS = YES;
				CLANG_WARN_DIRECT_OBJC_ISA_USAGE = YES_ERROR;
				CLANG_WARN_DOCUMENTATION_COMMENTS = YES;
				CLANG_WARN_EMPTY_BODY = YES;
				CLANG_WARN_ENUM_CONVERSION = YES;
				CLANG_WARN_INFINITE_RECURSION = YES;
				CLANG_WARN_INT_CONVERSION = YES;
				CLANG_WARN_NON_LITERAL_NULL_CONVERSION = YES;
				CLANG_WARN_OBJC_IMPLICIT_RETAIN_SELF = YES;
				CLANG_WARN_OBJC_LITERAL_CONVERSION = YES;
				CLANG_WARN_OBJC_ROOT_CLASS = YES_ERROR;
				CLANG_WARN_QUOTED_INCLUDE_IN_FRAMEWORK_HEADER = YES;
				CLANG_WARN_RANGE_LOOP_ANALYSIS = YES;
				CLANG_WARN_STRICT_PROTOTYPES = YES;
				CLANG_WARN_SUSPICIOUS_MOVE = YES;
				CLANG_WARN_UNGUARDED_AVAILABILITY = YES_AGGRESSIVE;
				CLANG_WARN_UNREACHABLE_CODE = YES;
				CLANG_WARN__DUPLICATE_METHOD_MATCH = YES;
				COPY_PHASE_STRIP = NO;
				DEBUG_INFORMATION_FORMAT = dwarf;
				ENABLE_STRICT_OBJC_MSGSEND = YES;
				ENABLE_TESTABILITY = YES;
				GCC_C_LANGUAGE_STANDARD = gnu11;
				GCC_DYNAMIC_NO_PIC = NO;
				GCC_NO_COMMON_BLOCKS = YES;
				GCC_OPTIMIZATION_LEVEL = 0;
				GCC_PREPROCESSOR_DEFINITIONS = (
					"DEBUG=1",
					"$(inherited)",
				);
				GCC_WARN_64_TO_32_BIT_CONVERSION = YES;
				GCC_WARN_ABOUT_RETURN_TYPE = YES_ERROR;
				GCC_WARN_UNDECLARED_SELECTOR = YES;
				GCC_WARN_UNINITIALIZED_AUTOS = YES_AGGRESSIVE;
				GCC_WARN_UNUSED_FUNCTION = YES;
				GCC_WARN_UNUSED_VARIABLE = YES;
				MTL_ENABLE_DEBUG_INFO = INCLUDE_SOURCE;
				MTL_FAST_MATH = YES;
				ONLY_ACTIVE_ARCH = YES;
				SWIFT_ACTIVE_COMPILATION_CONDITIONS = DEBUG;
				SWIFT_OPTIMIZATION_LEVEL = "-Onone";
			};
			name = Debug;
		};
		3174839127FDA921002D8EA7 /* Release */ = {
			isa = XCBuildConfiguration;
			buildSettings = {
				ALWAYS_SEARCH_USER_PATHS = NO;
				CLANG_ANALYZER_NONNULL = YES;
				CLANG_ANALYZER_NUMBER_OBJECT_CONVERSION = YES_AGGRESSIVE;
				CLANG_CXX_LANGUAGE_STANDARD = "gnu++17";
				CLANG_ENABLE_MODULES = YES;
				CLANG_ENABLE_OBJC_ARC = YES;
				CLANG_ENABLE_OBJC_WEAK = YES;
				CLANG_WARN_BLOCK_CAPTURE_AUTORELEASING = YES;
				CLANG_WARN_BOOL_CONVERSION = YES;
				CLANG_WARN_COMMA = YES;
				CLANG_WARN_CONSTANT_CONVERSION = YES;
				CLANG_WARN_DEPRECATED_OBJC_IMPLEMENTATIONS = YES;
				CLANG_WARN_DIRECT_OBJC_ISA_USAGE = YES_ERROR;
				CLANG_WARN_DOCUMENTATION_COMMENTS = YES;
				CLANG_WARN_EMPTY_BODY = YES;
				CLANG_WARN_ENUM_CONVERSION = YES;
				CLANG_WARN_INFINITE_RECURSION = YES;
				CLANG_WARN_INT_CONVERSION = YES;
				CLANG_WARN_NON_LITERAL_NULL_CONVERSION = YES;
				CLANG_WARN_OBJC_IMPLICIT_RETAIN_SELF = YES;
				CLANG_WARN_OBJC_LITERAL_CONVERSION = YES;
				CLANG_WARN_OBJC_ROOT_CLASS = YES_ERROR;
				CLANG_WARN_QUOTED_INCLUDE_IN_FRAMEWORK_HEADER = YES;
				CLANG_WARN_RANGE_LOOP_ANALYSIS = YES;
				CLANG_WARN_STRICT_PROTOTYPES = YES;
				CLANG_WARN_SUSPICIOUS_MOVE = YES;
				CLANG_WARN_UNGUARDED_AVAILABILITY = YES_AGGRESSIVE;
				CLANG_WARN_UNREACHABLE_CODE = YES;
				CLANG_WARN__DUPLICATE_METHOD_MATCH = YES;
				COPY_PHASE_STRIP = NO;
				DEBUG_INFORMATION_FORMAT = "dwarf-with-dsym";
				ENABLE_NS_ASSERTIONS = NO;
				ENABLE_STRICT_OBJC_MSGSEND = YES;
				GCC_C_LANGUAGE_STANDARD = gnu11;
				GCC_NO_COMMON_BLOCKS = YES;
				GCC_WARN_64_TO_32_BIT_CONVERSION = YES;
				GCC_WARN_ABOUT_RETURN_TYPE = YES_ERROR;
				GCC_WARN_UNDECLARED_SELECTOR = YES;
				GCC_WARN_UNINITIALIZED_AUTOS = YES_AGGRESSIVE;
				GCC_WARN_UNUSED_FUNCTION = YES;
				GCC_WARN_UNUSED_VARIABLE = YES;
				MTL_ENABLE_DEBUG_INFO = NO;
				MTL_FAST_MATH = YES;
				SWIFT_COMPILATION_MODE = wholemodule;
				SWIFT_OPTIMIZATION_LEVEL = "-O";
			};
			name = Release;
		};
		3174839327FDA921002D8EA7 /* Debug */ = {
			isa = XCBuildConfiguration;
			buildSettings = {
				ASSETCATALOG_COMPILER_APPICON_NAME = AppIcon;
				ASSETCATALOG_COMPILER_GLOBAL_ACCENT_COLOR_NAME = AccentColor;
				CODE_SIGN_STYLE = Manual;
				CURRENT_PROJECT_VERSION = 1;
				DEVELOPMENT_TEAM = "";
				ENABLE_PREVIEWS = YES;
				GENERATE_INFOPLIST_FILE = YES;
				INFOPLIST_KEY_UIApplicationSceneManifest_Generation = YES;
				INFOPLIST_KEY_UIApplicationSupportsIndirectInputEvents = YES;
				INFOPLIST_KEY_UILaunchScreen_Generation = YES;
				INFOPLIST_KEY_UISupportedInterfaceOrientations_iPad = "UIInterfaceOrientationPortrait UIInterfaceOrientationPortraitUpsideDown UIInterfaceOrientationLandscapeLeft UIInterfaceOrientationLandscapeRight";
				INFOPLIST_KEY_UISupportedInterfaceOrientations_iPhone = "UIInterfaceOrientationPortrait UIInterfaceOrientationLandscapeLeft UIInterfaceOrientationLandscapeRight";
				IPHONEOS_DEPLOYMENT_TARGET = 14.0;
				LD_RUNPATH_SEARCH_PATHS = (
					"$(inherited)",
					"@executable_path/Frameworks",
				);
				MARKETING_VERSION = 1.0;
				PRODUCT_BUNDLE_IDENTIFIER = com.y4gamilight.SwiftUI100days;
				PRODUCT_NAME = SwiftUI100days;
				PROVISIONING_PROFILE_SPECIFIER = "";
				SDKROOT = iphoneos;
				SWIFT_EMIT_LOC_STRINGS = YES;
				SWIFT_VERSION = 5.0;
				TARGETED_DEVICE_FAMILY = 1;
			};
			name = Debug;
		};
		3174839427FDA921002D8EA7 /* Release */ = {
			isa = XCBuildConfiguration;
			buildSettings = {
				ASSETCATALOG_COMPILER_APPICON_NAME = AppIcon;
				ASSETCATALOG_COMPILER_GLOBAL_ACCENT_COLOR_NAME = AccentColor;
				CODE_SIGN_STYLE = Manual;
				CURRENT_PROJECT_VERSION = 1;
				DEVELOPMENT_TEAM = "";
				ENABLE_PREVIEWS = YES;
				GENERATE_INFOPLIST_FILE = YES;
				INFOPLIST_KEY_UIApplicationSceneManifest_Generation = YES;
				INFOPLIST_KEY_UIApplicationSupportsIndirectInputEvents = YES;
				INFOPLIST_KEY_UILaunchScreen_Generation = YES;
				INFOPLIST_KEY_UISupportedInterfaceOrientations_iPad = "UIInterfaceOrientationPortrait UIInterfaceOrientationPortraitUpsideDown UIInterfaceOrientationLandscapeLeft UIInterfaceOrientationLandscapeRight";
				INFOPLIST_KEY_UISupportedInterfaceOrientations_iPhone = "UIInterfaceOrientationPortrait UIInterfaceOrientationLandscapeLeft UIInterfaceOrientationLandscapeRight";
				IPHONEOS_DEPLOYMENT_TARGET = 14.0;
				LD_RUNPATH_SEARCH_PATHS = (
					"$(inherited)",
					"@executable_path/Frameworks",
				);
				MARKETING_VERSION = 1.0;
				PRODUCT_BUNDLE_IDENTIFIER = com.y4gamilight.SwiftUI100days;
				PRODUCT_NAME = SwiftUI100days;
				PROVISIONING_PROFILE_SPECIFIER = "";
				SDKROOT = iphoneos;
				SWIFT_EMIT_LOC_STRINGS = YES;
				SWIFT_VERSION = 5.0;
				TARGETED_DEVICE_FAMILY = 1;
				VALIDATE_PRODUCT = YES;
			};
			name = Release;
		};
		3174839627FDA921002D8EA7 /* Debug */ = {
			isa = XCBuildConfiguration;
			buildSettings = {
				ASSETCATALOG_COMPILER_APPICON_NAME = AppIcon;
				ASSETCATALOG_COMPILER_GLOBAL_ACCENT_COLOR_NAME = AccentColor;
				CODE_SIGN_ENTITLEMENTS = macOS/macOS.entitlements;
				CODE_SIGN_STYLE = Manual;
				COMBINE_HIDPI_IMAGES = YES;
				CURRENT_PROJECT_VERSION = 1;
				DEVELOPMENT_TEAM = "";
				ENABLE_PREVIEWS = YES;
				GENERATE_INFOPLIST_FILE = YES;
				INFOPLIST_KEY_NSHumanReadableCopyright = "";
				LD_RUNPATH_SEARCH_PATHS = (
					"$(inherited)",
					"@executable_path/../Frameworks",
				);
				MACOSX_DEPLOYMENT_TARGET = 11.0;
				MARKETING_VERSION = 1.0;
				PRODUCT_BUNDLE_IDENTIFIER = com.y4gamilight.SwiftUI100days;
				PRODUCT_NAME = SwiftUI100days;
				PROVISIONING_PROFILE_SPECIFIER = "";
				SDKROOT = macosx;
				SWIFT_EMIT_LOC_STRINGS = YES;
				SWIFT_VERSION = 5.0;
			};
			name = Debug;
		};
		3174839727FDA921002D8EA7 /* Release */ = {
			isa = XCBuildConfiguration;
			buildSettings = {
				ASSETCATALOG_COMPILER_APPICON_NAME = AppIcon;
				ASSETCATALOG_COMPILER_GLOBAL_ACCENT_COLOR_NAME = AccentColor;
				CODE_SIGN_ENTITLEMENTS = macOS/macOS.entitlements;
				CODE_SIGN_STYLE = Manual;
				COMBINE_HIDPI_IMAGES = YES;
				CURRENT_PROJECT_VERSION = 1;
				DEVELOPMENT_TEAM = "";
				ENABLE_PREVIEWS = YES;
				GENERATE_INFOPLIST_FILE = YES;
				INFOPLIST_KEY_NSHumanReadableCopyright = "";
				LD_RUNPATH_SEARCH_PATHS = (
					"$(inherited)",
					"@executable_path/../Frameworks",
				);
				MACOSX_DEPLOYMENT_TARGET = 11.0;
				MARKETING_VERSION = 1.0;
				PRODUCT_BUNDLE_IDENTIFIER = com.y4gamilight.SwiftUI100days;
				PRODUCT_NAME = SwiftUI100days;
				PROVISIONING_PROFILE_SPECIFIER = "";
				SDKROOT = macosx;
				SWIFT_EMIT_LOC_STRINGS = YES;
				SWIFT_VERSION = 5.0;
			};
			name = Release;
		};
		3174839927FDA921002D8EA7 /* Debug */ = {
			isa = XCBuildConfiguration;
			buildSettings = {
				ALWAYS_EMBED_SWIFT_STANDARD_LIBRARIES = YES;
				CODE_SIGN_STYLE = Automatic;
				CURRENT_PROJECT_VERSION = 1;
				GENERATE_INFOPLIST_FILE = YES;
				IPHONEOS_DEPLOYMENT_TARGET = 15.4;
				MARKETING_VERSION = 1.0;
				PRODUCT_BUNDLE_IDENTIFIER = "com.y4gamilight.Tests-iOS";
				PRODUCT_NAME = "$(TARGET_NAME)";
				SDKROOT = iphoneos;
				SWIFT_EMIT_LOC_STRINGS = NO;
				SWIFT_VERSION = 5.0;
				TARGETED_DEVICE_FAMILY = "1,2";
				TEST_TARGET_NAME = "SwiftUI100days (iOS)";
			};
			name = Debug;
		};
		3174839A27FDA921002D8EA7 /* Release */ = {
			isa = XCBuildConfiguration;
			buildSettings = {
				ALWAYS_EMBED_SWIFT_STANDARD_LIBRARIES = YES;
				CODE_SIGN_STYLE = Automatic;
				CURRENT_PROJECT_VERSION = 1;
				GENERATE_INFOPLIST_FILE = YES;
				IPHONEOS_DEPLOYMENT_TARGET = 15.4;
				MARKETING_VERSION = 1.0;
				PRODUCT_BUNDLE_IDENTIFIER = "com.y4gamilight.Tests-iOS";
				PRODUCT_NAME = "$(TARGET_NAME)";
				SDKROOT = iphoneos;
				SWIFT_EMIT_LOC_STRINGS = NO;
				SWIFT_VERSION = 5.0;
				TARGETED_DEVICE_FAMILY = "1,2";
				TEST_TARGET_NAME = "SwiftUI100days (iOS)";
				VALIDATE_PRODUCT = YES;
			};
			name = Release;
		};
		3174839C27FDA921002D8EA7 /* Debug */ = {
			isa = XCBuildConfiguration;
			buildSettings = {
				ALWAYS_EMBED_SWIFT_STANDARD_LIBRARIES = YES;
				CODE_SIGN_STYLE = Automatic;
				CURRENT_PROJECT_VERSION = 1;
				GENERATE_INFOPLIST_FILE = YES;
				MACOSX_DEPLOYMENT_TARGET = 12.3;
				MARKETING_VERSION = 1.0;
				PRODUCT_BUNDLE_IDENTIFIER = "com.y4gamilight.Tests-macOS";
				PRODUCT_NAME = "$(TARGET_NAME)";
				SDKROOT = macosx;
				SWIFT_EMIT_LOC_STRINGS = NO;
				SWIFT_VERSION = 5.0;
				TEST_TARGET_NAME = "SwiftUI100days (macOS)";
			};
			name = Debug;
		};
		3174839D27FDA921002D8EA7 /* Release */ = {
			isa = XCBuildConfiguration;
			buildSettings = {
				ALWAYS_EMBED_SWIFT_STANDARD_LIBRARIES = YES;
				CODE_SIGN_STYLE = Automatic;
				CURRENT_PROJECT_VERSION = 1;
				GENERATE_INFOPLIST_FILE = YES;
				MACOSX_DEPLOYMENT_TARGET = 12.3;
				MARKETING_VERSION = 1.0;
				PRODUCT_BUNDLE_IDENTIFIER = "com.y4gamilight.Tests-macOS";
				PRODUCT_NAME = "$(TARGET_NAME)";
				SDKROOT = macosx;
				SWIFT_EMIT_LOC_STRINGS = NO;
				SWIFT_VERSION = 5.0;
				TEST_TARGET_NAME = "SwiftUI100days (macOS)";
			};
			name = Release;
		};
/* End XCBuildConfiguration section */

/* Begin XCConfigurationList section */
		3174836027FDA91F002D8EA7 /* Build configuration list for PBXProject "SwiftUI100days" */ = {
			isa = XCConfigurationList;
			buildConfigurations = (
				3174839027FDA921002D8EA7 /* Debug */,
				3174839127FDA921002D8EA7 /* Release */,
			);
			defaultConfigurationIsVisible = 0;
			defaultConfigurationName = Release;
		};
		3174839227FDA921002D8EA7 /* Build configuration list for PBXNativeTarget "SwiftUI100days (iOS)" */ = {
			isa = XCConfigurationList;
			buildConfigurations = (
				3174839327FDA921002D8EA7 /* Debug */,
				3174839427FDA921002D8EA7 /* Release */,
			);
			defaultConfigurationIsVisible = 0;
			defaultConfigurationName = Release;
		};
		3174839527FDA921002D8EA7 /* Build configuration list for PBXNativeTarget "SwiftUI100days (macOS)" */ = {
			isa = XCConfigurationList;
			buildConfigurations = (
				3174839627FDA921002D8EA7 /* Debug */,
				3174839727FDA921002D8EA7 /* Release */,
			);
			defaultConfigurationIsVisible = 0;
			defaultConfigurationName = Release;
		};
		3174839827FDA921002D8EA7 /* Build configuration list for PBXNativeTarget "Tests iOS" */ = {
			isa = XCConfigurationList;
			buildConfigurations = (
				3174839927FDA921002D8EA7 /* Debug */,
				3174839A27FDA921002D8EA7 /* Release */,
			);
			defaultConfigurationIsVisible = 0;
			defaultConfigurationName = Release;
		};
		3174839B27FDA921002D8EA7 /* Build configuration list for PBXNativeTarget "Tests macOS" */ = {
			isa = XCConfigurationList;
			buildConfigurations = (
				3174839C27FDA921002D8EA7 /* Debug */,
				3174839D27FDA921002D8EA7 /* Release */,
			);
			defaultConfigurationIsVisible = 0;
			defaultConfigurationName = Release;
		};
/* End XCConfigurationList section */
	};
	rootObject = 3174835D27FDA91F002D8EA7 /* Project object */;
}
